
Microsoft Visual Studio Solution File, Format Version 12.00
# Visual Studio Version 17
VisualStudioVersion = 17.11.35219.272
MinimumVisualStudioVersion = 10.0.40219.1
Project("{FAE04EC0-301F-11D3-BF4B-00C04F79EFBC}") = "Patterni.TaskPlanner.ConsoleRunner", "Patterni.TaskPlanner.ConsoleRunner\Patterni.TaskPlanner.ConsoleRunner.csproj", "{900497CF-75A6-4D65-B3B5-10674DB498F3}"
EndProject
Project("{FAE04EC0-301F-11D3-BF4B-00C04F79EFBC}") = "Patterni.TaskPlanner.Domain.Models", "Patterni.TaskPlanner.Domain.Models\Patterni.TaskPlanner.Domain.Models.csproj", "{ED7EA84E-4715-4447-9092-000C41632A46}"
EndProject
Project("{FAE04EC0-301F-11D3-BF4B-00C04F79EFBC}") = "Patterni.TaskPlanner.Domain.Logic", "Patterni.TaskPlanner.Domain.Logic\Patterni.TaskPlanner.Domain.Logic.csproj", "{5E6BB756-E7A5-44A1-9B5C-80DA058A61C4}"
EndProject
Global
	GlobalSection(SolutionConfigurationPlatforms) = preSolution
		Debug|Any CPU = Debug|Any CPU
		Release|Any CPU = Release|Any CPU
	EndGlobalSection
	GlobalSection(ProjectConfigurationPlatforms) = postSolution
		{900497CF-75A6-4D65-B3B5-10674DB498F3}.Debug|Any CPU.ActiveCfg = Debug|Any CPU
		{900497CF-75A6-4D65-B3B5-10674DB498F3}.Debug|Any CPU.Build.0 = Debug|Any CPU
		{900497CF-75A6-4D65-B3B5-10674DB498F3}.Release|Any CPU.ActiveCfg = Release|Any CPU
		{900497CF-75A6-4D65-B3B5-10674DB498F3}.Release|Any CPU.Build.0 = Release|Any CPU
		{ED7EA84E-4715-4447-9092-000C41632A46}.Debug|Any CPU.ActiveCfg = Debug|Any CPU
		{ED7EA84E-4715-4447-9092-000C41632A46}.Debug|Any CPU.Build.0 = Debug|Any CPU
		{ED7EA84E-4715-4447-9092-000C41632A46}.Release|Any CPU.ActiveCfg = Release|Any CPU
		{ED7EA84E-4715-4447-9092-000C41632A46}.Release|Any CPU.Build.0 = Release|Any CPU
		{5E6BB756-E7A5-44A1-9B5C-80DA058A61C4}.Debug|Any CPU.ActiveCfg = Debug|Any CPU
		{5E6BB756-E7A5-44A1-9B5C-80DA058A61C4}.Debug|Any CPU.Build.0 = Debug|Any CPU
		{5E6BB756-E7A5-44A1-9B5C-80DA058A61C4}.Release|Any CPU.ActiveCfg = Release|Any CPU
		{5E6BB756-E7A5-44A1-9B5C-80DA058A61C4}.Release|Any CPU.Build.0 = Release|Any CPU
	EndGlobalSection
	GlobalSection(SolutionProperties) = preSolution
		HideSolutionNode = FALSE
	EndGlobalSection
	GlobalSection(ExtensibilityGlobals) = postSolution
		SolutionGuid = {B11ED6C2-284B-4568-B21E-906BE7E67D9E}
	EndGlobalSection
EndGlobal
